lockfileVersion: '9.0'

settings:
  autoInstallPeers: true
  excludeLinksFromLockfile: false

importers:

  .:
    dependencies:
      ethers:
        specifier: ^6.17.0
        version: 6.17.0
      foreseer-sdk:
        specifier: file:../packages/ts
        version: file:../packages/ts
      p5:
        specifier: ^2.3.2
        version: 2.3.2
    devDependencies:
      prettier:
        specifier: ^3.9.6
        version: 3.9.6

packages:

  '@adraffy/ens-normalize@1.11.1':
    resolution: {integrity: sha512-nhCBV3quEgesuf7c7KYfperqSS14T8bYuvJ8PcLJp6znkZpFc0AuW4qBtr8eKVyPPe/8RSr7sglCWPU5eaxwKQ==}

  '@babel/runtime@7.29.7':
    resolution: {integrity: sha512-Nq8OhGWiZIZGV6hLHoyAKLLcJihP/xFeBMGJoUrxTX2psI8dCifzLhZISFb+VWS3wFMRDmCGw5R+dOySCqPLhw==}
    engines: {node: '>=6.9.0'}

  '@davepagurek/bezier-path@0.0.7':
    resolution: {integrity: sha512-CVlnCOrV1iy4Z12T756i9l4G6kF7r8uhlnb+xqDemAMmWQB+8Q0b+8VEqIiUfywgZDSiDr18Rm7pZlnA69rE8Q==}

  '@japont/unicode-range@1.0.0':
    resolution: {integrity: sha512-BckHvA2XdjRBVAWe2uceNuRf78lBeI28kyWEbfr/Q2pE17POkwuZ6WWY/UMv8FL9iBxhW4xfDoNLM9UVZaTeUQ==}

  '@noble/curves@1.2.0':
    resolution: {integrity: sha512-oYclrNgRaM9SsBUBVbb8M6DTV7ZHRTKugureoYEncY5c65HOmRzvSiTE3y5CYaPYJA/GVkrhXEoF0M3Ya9PMnw==}

  '@noble/curves@2.3.0':
    resolution: {integrity: sha512-v7cY+4oWYPQszRj6ZFGzTVL7uP2TaLo1xMhWHzYC5wj0ZhOXQ5x+sBre8rF3hi8cAoi0bh1qXoovoOkdFtvqEg==}
    engines: {node: '>= 20.19.0'}

  '@noble/hashes@1.3.2':
    resolution: {integrity: sha512-MVC8EAQp7MvEcm30KWENFjgR+Mkmf+D189XJTkFIlwohU5hcBbn1ZkKq7KVTi2Hme3PMGF390DaL52beVrIihQ==}
    engines: {node: '>= 16'}

  '@noble/hashes@2.3.0':
    resolution: {integrity: sha512-oN+QwyX7VSHotibwubG3kpzbwKrfnyR6OOO+3Nk/53ADL7FmgHHz4TgrbaYKvvOw09u6QTx0oiH1cNCIOuN0CQ==}
    engines: {node: '>= 20.19.0'}

  '@types/node@22.7.5':
    resolution: {integrity: sha512-jML7s2NAzMWc//QSJ1a3prpk78cOPchGvXJsC3C6R6PSMoooztvRVQEz89gmBTBY1SPMaqo5teB4uNHPdetShQ==}

  acorn-walk@8.3.5:
    resolution: {integrity: sha512-HEHNfbars9v4pgpW6SO1KSPkfoS0xVOM/9UzkJltjlsHZmJasxg8aXkuZa7SMf8vKGIBhpUsPluQSqhJFCqebw==}
    engines: {node: '>=0.4.0'}

  acorn@8.18.0:
    resolution: {integrity: sha512-lGq+9yr1/GuAWaVYIHRjvvySG5/4VfKIvC8EWxStPdcDh/Ka7FG3twP6v4d5BkravUilhIAsG4Qj83t02LWUPQ==}
    engines: {node: '>=0.4.0'}
    hasBin: true

  aes-js@4.0.0-beta.5:
    resolution: {integrity: sha512-G965FqalsNyrPqgEGON7nIx1e/OVENSgiEIzyC63haUMuvNnwIgIjMs52hlTCKhkBny7A2ORNlfY9Zu+jmGk1Q==}

  colorjs.io@0.6.1:
    resolution: {integrity: sha512-8lyR2wHzuIykCpqHKgluGsqQi5iDm3/a2IgP2GBZrasn2sBRkE4NOGsglZxWLs/jZQoNkmA/KM/8NV16rLUdBg==}

  escodegen@2.1.0:
    resolution: {integrity: sha512-2NlIDTwUWJN0mRPQOdtQBzbUHvdGY2P1VXSyU83Q3xKxM7WHX2Ql8dKq782Q9TgQUNOLEzEYu9bzLNj1q88I5w==}
    engines: {node: '>=6.0'}
    hasBin: true

  esprima@4.0.1:
    resolution: {integrity: sha512-eGuFFw7Upda+g4p+QHvnW0RyTX/SVeJBDM/gCtMARO0cLuT2HcEKnTPvhjV6aGeqrCB/sbNop0Kszm0jsaWU4A==}
    engines: {node: '>=4'}
    hasBin: true

  estraverse@5.3.0:
    resolution: {integrity: sha512-MMdARuVEQziNTeJD8DgMqmhwR11BRQ/cBP+pLtYdSTnf3MIO8fFeiINEbX36ZdNlfU/7A9f3gUw49B3oQsvwBA==}
    engines: {node: '>=4.0'}

  esutils@2.0.3:
    resolution: {integrity: sha512-kVscqXk4OCp68SZ0dkgEKVi6/8ij300KBWTJq32P/dYeWTSwK41WyTxalN1eRmA5Z9UU/LX9D7FWSmV9SAYx6g==}
    engines: {node: '>=0.10.0'}

  ethers@6.17.0:
    resolution: {integrity: sha512-BpyrpIPJ3ydEVow8zGaz1DuPS7YU8DcWxuBnY9a0UA/lvAPwrMr+EPXsfrul628SRaekPNeIM4UFh/91GWZang==}
    engines: {node: '>=14.0.0'}

  foreseer-sdk@file:../packages/ts:
    resolution: {directory: ../packages/ts, type: directory}
    engines: {node: '>=20'}

  gifenc@1.0.3:
    resolution: {integrity: sha512-xdr6AdrfGBcfzncONUOlXMBuc5wJDtOueE3c5rdG0oNgtINLD+f2iFZltrBRZYzACRbKr+mSVU/x98zv2u3jmw==}

  i18next-browser-languagedetector@4.3.1:
    resolution: {integrity: sha512-KIToAzf8zwWvacgnRwJp63ase26o24AuNUlfNVJ5YZAFmdGhsJpmFClxXPuk9rv1FMI4lnc8zLSqgZPEZMrW4g==}

  i18next@19.9.2:
    resolution: {integrity: sha512-0i6cuo6ER6usEOtKajUUDj92zlG+KArFia0857xxiEHAQcUwh/RtOQocui1LPJwunSYT574Pk64aNva1kwtxZg==}

  libtess@1.2.2:
    resolution: {integrity: sha512-Nps8HPeVVcsmJxUvFLKVJcCgcz+1ajPTXDVAVPs6+giOQP4AHV31uZFFkh+CKow/bkB7GbZWKmwmit7myaqDSw==}

  omggif@1.0.10:
    resolution: {integrity: sha512-LMJTtvgc/nugXj0Vcrrs68Mn2D1r0zf630VNtqtpI1FEO7e+O9FP4gqs9AcnBaSEeoHIPm28u6qgPR0oyEpGSw==}

  p5@2.3.2:
    resolution: {integrity: sha512-DlX4rVQb9R2Z16XtTTNN/1zf7FZWy55ApA6ZS0GNJBDraymJcd9kbxmpIDKYnVxiXrchgb2YckWsmm+TSEJVPg==}

  pako@2.2.0:
    resolution: {integrity: sha512-zJq6RP/5q+TO2OpFV3FHzlPnFjmkb7Nc99a5SNjJE+uu/PkpChs+NIZSSzbBoD+6kjiISXjfYdwj1ZRQ81dz/w==}

  prettier@3.9.6:
    resolution: {integrity: sha512-OpN0zzVdiaiAhxpuuj5efpIS4sY9j7bY6uR5mnj5yPzGkdkjNKSJeUThPb60Jw29QuAZgA4o+/iB49kFiaBX6g==}
    engines: {node: '>=14'}
    hasBin: true

  source-map@0.6.1:
    resolution: {integrity: sha512-UjgapumWlbMhkBgzT7Ykc5YXUT46F0iKu8SGXq0bcwP5dz/h0Plj6enJqjz1Zbq2l5WaqYnrVbwWOWMyF3F47g==}
    engines: {node: '>=0.10.0'}

  tslib@2.7.0:
    resolution: {integrity: sha512-gLXCKdN1/j47AiHiOkJN69hJmcbGTHI0ImLmbYLHykhgeN0jVGola9yVjFgzCUklsZQMW55o+dW7IXv3RCXDzA==}

  undici-types@6.19.8:
    resolution: {integrity: sha512-ve2KP6f/JnbPBFyobGHuerC9g1FYGn/F8n1LWTwNxCEzd6IfqTwUQcNXgEtmmQ6DlRrC1hrSrBnCZPokRrDHjw==}

  ws@8.21.0:
    resolution: {integrity: sha512-Vsp28b7DRcimFQvrqu2Wek3z1iYxDCWqHYB8Qsnk/S4RfaCQzPGPyBNuVjJV3cd6UiKtUtp6sNM77gWvzcCH+g==}
    engines: {node: '>=10.0.0'}
    peerDependencies:
      bufferutil: ^4.0.1
      utf-8-validate: '>=5.0.2'
    peerDependenciesMeta:
      bufferutil:
        optional: true
      utf-8-validate:
        optional: true

  zod@4.4.3:
    resolution: {integrity: sha512-ytENFjIJFl2UwYglde2jchW2Hwm4GJFLDiSXWdTrJQBIN9Fcyp7n4DhxJEiWNAJMV1/BqWfW/kkg71UDcHJyTQ==}

snapshots:

  '@adraffy/ens-normalize@1.11.1': {}

  '@babel/runtime@7.29.7': {}

  '@davepagurek/bezier-path@0.0.7': {}

  '@japont/unicode-range@1.0.0': {}

  '@noble/curves@1.2.0':
    dependencies:
      '@noble/hashes': 1.3.2

  '@noble/curves@2.3.0':
    dependencies:
      '@noble/hashes': 2.3.0

  '@noble/hashes@1.3.2': {}

  '@noble/hashes@2.3.0': {}

  '@types/node@22.7.5':
    dependencies:
      undici-types: 6.19.8

  acorn-walk@8.3.5:
    dependencies:
      acorn: 8.18.0

  acorn@8.18.0: {}

  aes-js@4.0.0-beta.5: {}

  colorjs.io@0.6.1: {}

  escodegen@2.1.0:
    dependencies:
      esprima: 4.0.1
      estraverse: 5.3.0
      esutils: 2.0.3
    optionalDependencies:
      source-map: 0.6.1

  esprima@4.0.1: {}

  estraverse@5.3.0: {}

  esutils@2.0.3: {}

  ethers@6.17.0:
    dependencies:
      '@adraffy/ens-normalize': 1.11.1
      '@noble/curves': 1.2.0
      '@noble/hashes': 1.3.2
      '@types/node': 22.7.5
      aes-js: 4.0.0-beta.5
      tslib: 2.7.0
      ws: 8.21.0
    transitivePeerDependencies:
      - bufferutil
      - utf-8-validate

  foreseer-sdk@file:../packages/ts:
    dependencies:
      '@noble/curves': 2.3.0
      '@noble/hashes': 2.3.0

  gifenc@1.0.3: {}

  i18next-browser-languagedetector@4.3.1:
    dependencies:
      '@babel/runtime': 7.29.7

  i18next@19.9.2:
    dependencies:
      '@babel/runtime': 7.29.7

  libtess@1.2.2: {}

  omggif@1.0.10: {}

  p5@2.3.2:
    dependencies:
      '@davepagurek/bezier-path': 0.0.7
      '@japont/unicode-range': 1.0.0
      acorn: 8.18.0
      acorn-walk: 8.3.5
      colorjs.io: 0.6.1
      escodegen: 2.1.0
      gifenc: 1.0.3
      i18next: 19.9.2
      i18next-browser-languagedetector: 4.3.1
      libtess: 1.2.2
      omggif: 1.0.10
      pako: 2.2.0
      zod: 4.4.3

  pako@2.2.0: {}

  prettier@3.9.6: {}

  source-map@0.6.1:
    optional: true

  tslib@2.7.0: {}

  undici-types@6.19.8: {}

  ws@8.21.0: {}

  zod@4.4.3: {}
